
Microsoft Visual Studio Solution File, Format Version 12.00
# Visual Studio Version 16
VisualStudioVersion = 16.0.29025.244
MinimumVisualStudioVersion = 10.0.40219.1
Project("{2150E333-8FDC-42A3-9474-1A3956D46DE8}") = "Solution Items", "Solution Items", "{3D16D5C8-AD7C-4E3C-B1CE-D350314D3F97}"
	ProjectSection(SolutionItems) = preProject
		.editorconfig = .editorconfig
		.gitignore = .gitignore
		Resources\TiltEm.cfg = Resources\TiltEm.cfg
		Resources\TiltEm.version = Resources\TiltEm.version
		Resources\TiltEmButton.png = Resources\TiltEmButton.png
	EndProjectSection
EndProject
Project("{FAE04EC0-301F-11D3-BF4B-00C04F79EFBC}") = "TiltEm", "TiltEm\TiltEm.csproj", "{06A3E7CD-B0FB-4869-BDD9-26AB90D6396C}"
EndProject
Project("{2150E333-8FDC-42A3-9474-1A3956D46DE8}") = "Readme", "Readme", "{7CED25CA-C1A2-47AC-A6C5-E8EE9C0335FB}"
	ProjectSection(SolutionItems) = preProject
		README.md = README.md
		Resources\Readme.txt = Resources\Readme.txt
	EndProjectSection
EndProject
Project("{2150E333-8FDC-42A3-9474-1A3956D46DE8}") = "Localization", "Localization", "{7A274B26-71E0-4C82-AE75-FA678C17BD06}"
EndProject
Project("{2150E333-8FDC-42A3-9474-1A3956D46DE8}") = "en-us", "en-us", "{D9C869A9-365B-4B1A-BADD-E28F85DBEBAE}"
	ProjectSection(SolutionItems) = preProject
		Resources\Localization\en-us\TiltEmLoc.cfg = Resources\Localization\en-us\TiltEmLoc.cfg
	EndProjectSection
EndProject
Project("{2150E333-8FDC-42A3-9474-1A3956D46DE8}") = "es-es", "es-es", "{017AEAE7-74EB-4860-A783-2A804141E141}"
	ProjectSection(SolutionItems) = preProject
		Resources\Localization\es-es\TiltEmLoc.cfg = Resources\Localization\es-es\TiltEmLoc.cfg
	EndProjectSection
EndProject
Project("{2150E333-8FDC-42A3-9474-1A3956D46DE8}") = "Tests", "Tests", "{0AB3BF05-4346-4AA6-1389-037BE0695223}"
EndProject
Project("{FAE04EC0-301F-11D3-BF4B-00C04F79EFBC}") = "TiltEm.Tests", "Tests\TiltEm.Tests\TiltEm.Tests.csproj", "{9AE121D6-7E88-4FCF-B76C-1E08EFE3E7E7}"
EndProject
Project("{FAE04EC0-301F-11D3-BF4B-00C04F79EFBC}") = "KspShims", "Tests\KspShims\KspShims.csproj", "{E180731A-479B-4F53-A5CE-905ED55DCF56}"
EndProject
Global
	GlobalSection(SolutionConfigurationPlatforms) = preSolution
		Debug|Any CPU = Debug|Any CPU
		Debug|x64 = Debug|x64
		Debug|x86 = Debug|x86
		Release|Any CPU = Release|Any CPU
		Release|x64 = Release|x64
		Release|x86 = Release|x86
	EndGlobalSection
	GlobalSection(ProjectConfigurationPlatforms) = postSolution
		{06A3E7CD-B0FB-4869-BDD9-26AB90D6396C}.Debug|Any CPU.ActiveCfg = Debug|Any CPU
		{06A3E7CD-B0FB-4869-BDD9-26AB90D6396C}.Debug|Any CPU.Build.0 = Debug|Any CPU
		{06A3E7CD-B0FB-4869-BDD9-26AB90D6396C}.Debug|x64.ActiveCfg = Debug|Any CPU
		{06A3E7CD-B0FB-4869-BDD9-26AB90D6396C}.Debug|x64.Build.0 = Debug|Any CPU
		{06A3E7CD-B0FB-4869-BDD9-26AB90D6396C}.Debug|x86.ActiveCfg = Debug|Any CPU
		{06A3E7CD-B0FB-4869-BDD9-26AB90D6396C}.Debug|x86.Build.0 = Debug|Any CPU
		{06A3E7CD-B0FB-4869-BDD9-26AB90D6396C}.Release|Any CPU.ActiveCfg = Release|Any CPU
		{06A3E7CD-B0FB-4869-BDD9-26AB90D6396C}.Release|Any CPU.Build.0 = Release|Any CPU
		{06A3E7CD-B0FB-4869-BDD9-26AB90D6396C}.Release|x64.ActiveCfg = Release|Any CPU
		{06A3E7CD-B0FB-4869-BDD9-26AB90D6396C}.Release|x64.Build.0 = Release|Any CPU
		{06A3E7CD-B0FB-4869-BDD9-26AB90D6396C}.Release|x86.ActiveCfg = Release|Any CPU
		{06A3E7CD-B0FB-4869-BDD9-26AB90D6396C}.Release|x86.Build.0 = Release|Any CPU
		{9AE121D6-7E88-4FCF-B76C-1E08EFE3E7E7}.Debug|Any CPU.ActiveCfg = Debug|Any CPU
		{9AE121D6-7E88-4FCF-B76C-1E08EFE3E7E7}.Debug|Any CPU.Build.0 = Debug|Any CPU
		{9AE121D6-7E88-4FCF-B76C-1E08EFE3E7E7}.Debug|x64.ActiveCfg = Debug|Any CPU
		{9AE121D6-7E88-4FCF-B76C-1E08EFE3E7E7}.Debug|x64.Build.0 = Debug|Any CPU
		{9AE121D6-7E88-4FCF-B76C-1E08EFE3E7E7}.Debug|x86.ActiveCfg = Debug|Any CPU
		{9AE121D6-7E88-4FCF-B76C-1E08EFE3E7E7}.Debug|x86.Build.0 = Debug|Any CPU
		{9AE121D6-7E88-4FCF-B76C-1E08EFE3E7E7}.Release|Any CPU.ActiveCfg = Release|Any CPU
		{9AE121D6-7E88-4FCF-B76C-1E08EFE3E7E7}.Release|Any CPU.Build.0 = Release|Any CPU
		{9AE121D6-7E88-4FCF-B76C-1E08EFE3E7E7}.Release|x64.ActiveCfg = Release|Any CPU
		{9AE121D6-7E88-4FCF-B76C-1E08EFE3E7E7}.Release|x64.Build.0 = Release|Any CPU
		{9AE121D6-7E88-4FCF-B76C-1E08EFE3E7E7}.Release|x86.ActiveCfg = Release|Any CPU
		{9AE121D6-7E88-4FCF-B76C-1E08EFE3E7E7}.Release|x86.Build.0 = Release|Any CPU
		{E180731A-479B-4F53-A5CE-905ED55DCF56}.Debug|Any CPU.ActiveCfg = Debug|Any CPU
		{E180731A-479B-4F53-A5CE-905ED55DCF56}.Debug|Any CPU.Build.0 = Debug|Any CPU
		{E180731A-479B-4F53-A5CE-905ED55DCF56}.Debug|x64.ActiveCfg = Debug|Any CPU
		{E180731A-479B-4F53-A5CE-905ED55DCF56}.Debug|x64.Build.0 = Debug|Any CPU
		{E180731A-479B-4F53-A5CE-905ED55DCF56}.Debug|x86.ActiveCfg = Debug|Any CPU
		{E180731A-479B-4F53-A5CE-905ED55DCF56}.Debug|x86.Build.0 = Debug|Any CPU
		{E180731A-479B-4F53-A5CE-905ED55DCF56}.Release|Any CPU.ActiveCfg = Release|Any CPU
		{E180731A-479B-4F53-A5CE-905ED55DCF56}.Release|Any CPU.Build.0 = Release|Any CPU
		{E180731A-479B-4F53-A5CE-905ED55DCF56}.Release|x64.ActiveCfg = Release|Any CPU
		{E180731A-479B-4F53-A5CE-905ED55DCF56}.Release|x64.Build.0 = Release|Any CPU
		{E180731A-479B-4F53-A5CE-905ED55DCF56}.Release|x86.ActiveCfg = Release|Any CPU
		{E180731A-479B-4F53-A5CE-905ED55DCF56}.Release|x86.Build.0 = Release|Any CPU
	EndGlobalSection
	GlobalSection(SolutionProperties) = preSolution
		HideSolutionNode = FALSE
	EndGlobalSection
	GlobalSection(NestedProjects) = preSolution
		{7CED25CA-C1A2-47AC-A6C5-E8EE9C0335FB} = {3D16D5C8-AD7C-4E3C-B1CE-D350314D3F97}
		{7A274B26-71E0-4C82-AE75-FA678C17BD06} = {3D16D5C8-AD7C-4E3C-B1CE-D350314D3F97}
		{D9C869A9-365B-4B1A-BADD-E28F85DBEBAE} = {7A274B26-71E0-4C82-AE75-FA678C17BD06}
		{017AEAE7-74EB-4860-A783-2A804141E141} = {7A274B26-71E0-4C82-AE75-FA678C17BD06}
		{9AE121D6-7E88-4FCF-B76C-1E08EFE3E7E7} = {0AB3BF05-4346-4AA6-1389-037BE0695223}
		{E180731A-479B-4F53-A5CE-905ED55DCF56} = {0AB3BF05-4346-4AA6-1389-037BE0695223}
	EndGlobalSection
	GlobalSection(ExtensibilityGlobals) = postSolution
		SolutionGuid = {5CEE8ADF-EAC5-42F7-B036-D8DBDD53EDA0}
	EndGlobalSection
EndGlobal
